// !$*UTF8*$!
{
	archiveVersion = 1;
	classes = {
	};
	objectVersion = 56;
	objects = {

/* Begin PBXBuildFile section */
		495E50182AFB3EB70035D35E /* MenuViewController.swift in Sources */ = {isa = PBXBuildFile; fileRef = 495E50172AFB3EB70035D35E /* MenuViewController.swift */; };
		495E501C2AFB3F910035D35E /* MenuCell.swift in Sources */ = {isa = PBXBuildFile; fileRef = 495E501B2AFB3F910035D35E /* MenuCell.swift */; };
		495E50202AFB43870035D35E /* MenuModel.swift in Sources */ = {isa = PBXBuildFile; fileRef = 495E501F2AFB43870035D35E /* MenuModel.swift */; };
		49D11D092AFA1A1200808030 /* AppDelegate.swift in Sources */ = {isa = PBXBuildFile; fileRef = 49D11D082AFA1A1200808030 /* AppDelegate.swift */; };
		49D11D0B2AFA1A1200808030 /* SceneDelegate.swift in Sources */ = {isa = PBXBuildFile; fileRef = 49D11D0A2AFA1A1200808030 /* SceneDelegate.swift */; };
		49D11D0D2AFA1A1200808030 /* ThrottleVSDebounceVC.swift in Sources */ = {isa = PBXBuildFile; fileRef = 49D11D0C2AFA1A1200808030 /* ThrottleVSDebounceVC.swift */; };
		49D11D122AFA1A1300808030 /* Assets.xcassets in Resources */ = {isa = PBXBuildFile; fileRef = 49D11D112AFA1A1300808030 /* Assets.xcassets */; };
		49D11D152AFA1A1300808030 /* LaunchScreen.storyboard in Resources */ = {isa = PBXBuildFile; fileRef = 49D11D132AFA1A1300808030 /* LaunchScreen.storyboard */; };
		49D11D1F2AFA1A7700808030 /* SnapKit in Frameworks */ = {isa = PBXBuildFile; productRef = 49D11D1E2AFA1A7700808030 /* SnapKit */; };
		49D11D212AFA1A7700808030 /* SnapKit-Dynamic in Frameworks */ = {isa = PBXBuildFile; productRef = 49D11D202AFA1A7700808030 /* SnapKit-Dynamic */; };
		49D11D242AFA1A8700808030 /* RxBlocking in Frameworks */ = {isa = PBXBuildFile; productRef = 49D11D232AFA1A8700808030 /* RxBlocking */; };
		49D11D262AFA1A8700808030 /* RxBlocking-Dynamic in Frameworks */ = {isa = PBXBuildFile; productRef = 49D11D252AFA1A8700808030 /* RxBlocking-Dynamic */; };
		49D11D282AFA1A8700808030 /* RxCocoa in Frameworks */ = {isa = PBXBuildFile; productRef = 49D11D272AFA1A8700808030 /* RxCocoa */; };
		49D11D2A2AFA1A8700808030 /* RxCocoa-Dynamic in Frameworks */ = {isa = PBXBuildFile; productRef = 49D11D292AFA1A8700808030 /* RxCocoa-Dynamic */; };
		49D11D2C2AFA1A8700808030 /* RxRelay in Frameworks */ = {isa = PBXBuildFile; productRef = 49D11D2B2AFA1A8700808030 /* RxRelay */; };
/* End PBXBuildFile section */

/* Begin PBXFileReference section */
		495E50172AFB3EB70035D35E /* MenuViewController.swift */ = {isa = PBXFileReference; lastKnownFileType = sourcecode.swift; path = MenuViewController.swift; sourceTree = "<group>"; };
		495E501B2AFB3F910035D35E /* MenuCell.swift */ = {isa = PBXFileReference; lastKnownFileType = sourcecode.swift; path = MenuCell.swift; sourceTree = "<group>"; };
		495E501F2AFB43870035D35E /* MenuModel.swift */ = {isa = PBXFileReference; lastKnownFileType = sourcecode.swift; path = MenuModel.swift; sourceTree = "<group>"; };
		49D11D052AFA1A1200808030 /* RxSwiftExample.app */ = {isa = PBXFileReference; explicitFileType = wrapper.application; includeInIndex = 0; path = RxSwiftExample.app; sourceTree = BUILT_PRODUCTS_DIR; };
		49D11D082AFA1A1200808030 /* AppDelegate.swift */ = {isa = PBXFileReference; lastKnownFileType = sourcecode.swift; path = AppDelegate.swift; sourceTree = "<group>"; };
		49D11D0A2AFA1A1200808030 /* SceneDelegate.swift */ = {isa = PBXFileReference; lastKnownFileType = sourcecode.swift; path = SceneDelegate.swift; sourceTree = "<group>"; };
		49D11D0C2AFA1A1200808030 /* ThrottleVSDebounceVC.swift */ = {isa = PBXFileReference; lastKnownFileType = sourcecode.swift; path = ThrottleVSDebounceVC.swift; sourceTree = "<group>"; };
		49D11D112AFA1A1300808030 /* Assets.xcassets */ = {isa = PBXFileReference; lastKnownFileType = folder.assetcatalog; path = Assets.xcassets; sourceTree = "<group>"; };
		49D11D142AFA1A1300808030 /* Base */ = {isa = PBXFileReference; lastKnownFileType = file.storyboard; name = Base; path = Base.lproj/LaunchScreen.storyboard; sourceTree = "<group>"; };
		49D11D162AFA1A1300808030 /* Info.plist */ = {isa = PBXFileReference; lastKnownFileType = text.plist.xml; path = Info.plist; sourceTree = "<group>"; };
/* End PBXFileReference section */

/* Begin PBXFrameworksBuildPhase section */
		49D11D022AFA1A1200808030 /* Frameworks */ = {
			isa = PBXFrameworksBuildPhase;
			buildActionMask = 2147483647;
			files = (
				49D11D1F2AFA1A7700808030 /* SnapKit in Frameworks */,
				49D11D242AFA1A8700808030 /* RxBlocking in Frameworks */,
				49D11D2C2AFA1A8700808030 /* RxRelay in Frameworks */,
				49D11D282AFA1A8700808030 /* RxCocoa in Frameworks */,
				49D11D212AFA1A7700808030 /* SnapKit-Dynamic in Frameworks */,
				49D11D2A2AFA1A8700808030 /* RxCocoa-Dynamic in Frameworks */,
				49D11D262AFA1A8700808030 /* RxBlocking-Dynamic in Frameworks */,
			);
			runOnlyForDeploymentPostprocessing = 0;
		};
/* End PBXFrameworksBuildPhase section */

/* Begin PBXGroup section */
		495E50142AFB3E2F0035D35E /* Scene */ = {
			isa = PBXGroup;
			children = (
				495E501A2AFB3F860035D35E /* Menu */,
				495E50192AFB3F770035D35E /* ThrottleAndDebounce */,
				495E501F2AFB43870035D35E /* MenuModel.swift */,
			);
			path = Scene;
			sourceTree = "<group>";
		};
		495E50192AFB3F770035D35E /* ThrottleAndDebounce */ = {
			isa = PBXGroup;
			children = (
				49D11D0C2AFA1A1200808030 /* ThrottleVSDebounceVC.swift */,
			);
			path = ThrottleAndDebounce;
			sourceTree = "<group>";
		};
		495E501A2AFB3F860035D35E /* Menu */ = {
			isa = PBXGroup;
			children = (
				495E50172AFB3EB70035D35E /* MenuViewController.swift */,
				495E501B2AFB3F910035D35E /* MenuCell.swift */,
			);
			path = Menu;
			sourceTree = "<group>";
		};
		49D11CFC2AFA1A1200808030 = {
			isa = PBXGroup;
			children = (
				49D11D072AFA1A1200808030 /* RxSwiftExample */,
				49D11D062AFA1A1200808030 /* Products */,
			);
			sourceTree = "<group>";
		};
		49D11D062AFA1A1200808030 /* Products */ = {
			isa = PBXGroup;
			children = (
				49D11D052AFA1A1200808030 /* RxSwiftExample.app */,
			);
			name = Products;
			sourceTree = "<group>";
		};
		49D11D072AFA1A1200808030 /* RxSwiftExample */ = {
			isa = PBXGroup;
			children = (
				49D11D1C2AFA1A1A00808030 /* Delegate */,
				495E50142AFB3E2F0035D35E /* Scene */,
				49D11D112AFA1A1300808030 /* Assets.xcassets */,
				49D11D132AFA1A1300808030 /* LaunchScreen.storyboard */,
				49D11D162AFA1A1300808030 /* Info.plist */,
			);
			path = RxSwiftExample;
			sourceTree = "<group>";
		};
		49D11D1C2AFA1A1A00808030 /* Delegate */ = {
			isa = PBXGroup;
			children = (
				49D11D082AFA1A1200808030 /* AppDelegate.swift */,
				49D11D0A2AFA1A1200808030 /* SceneDelegate.swift */,
			);
			path = Delegate;
			sourceTree = "<group>";
		};
/* End PBXGroup section */

/* Begin PBXNativeTarget section */
		49D11D042AFA1A1200808030 /* RxSwiftExample */ = {
			isa = PBXNativeTarget;
			buildConfigurationList = 49D11D192AFA1A1300808030 /* Build configuration list for PBXNativeTarget "RxSwiftExample" */;
			buildPhases = (
				49D11D012AFA1A1200808030 /* Sources */,
				49D11D022AFA1A1200808030 /* Frameworks */,
				49D11D032AFA1A1200808030 /* Resources */,
			);
			buildRules = (
			);
			dependencies = (
			);
			name = RxSwiftExample;
			packageProductDependencies = (
				49D11D1E2AFA1A7700808030 /* SnapKit */,
				49D11D202AFA1A7700808030 /* SnapKit-Dynamic */,
				49D11D232AFA1A8700808030 /* RxBlocking */,
				49D11D252AFA1A8700808030 /* RxBlocking-Dynamic */,
				49D11D272AFA1A8700808030 /* RxCocoa */,
				49D11D292AFA1A8700808030 /* RxCocoa-Dynamic */,
				49D11D2B2AFA1A8700808030 /* RxRelay */,
			);
			productName = RxSwiftExample;
			productReference = 49D11D052AFA1A1200808030 /* RxSwiftExample.app */;
			productType = "com.apple.product-type.application";
		};
/* End PBXNativeTarget section */

/* Begin PBXProject section */
		49D11CFD2AFA1A1200808030 /* Project object */ = {
			isa = PBXProject;
			attributes = {
				BuildIndependentTargetsInParallel = 1;
				LastSwiftUpdateCheck = 1500;
				LastUpgradeCheck = 1500;
				TargetAttributes = {
					49D11D042AFA1A1200808030 = {
						CreatedOnToolsVersion = 15.0;
					};
				};
			};
			buildConfigurationList = 49D11D002AFA1A1200808030 /* Build configuration list for PBXProject "RxSwiftExample" */;
			compatibilityVersion = "Xcode 14.0";
			developmentRegion = en;
			hasScannedForEncodings = 0;
			knownRegions = (
				en,
				Base,
			);
			mainGroup = 49D11CFC2AFA1A1200808030;
			packageReferences = (
				49D11D1D2AFA1A7700808030 /* XCRemoteSwiftPackageReference "SnapKit" */,
				49D11D222AFA1A8700808030 /* XCRemoteSwiftPackageReference "RxSwift" */,
			);
			productRefGroup = 49D11D062AFA1A1200808030 /* Products */;
			projectDirPath = "";
			projectRoot = "";
			targets = (
				49D11D042AFA1A1200808030 /* RxSwiftExample */,
			);
		};
/* End PBXProject section */

/* Begin PBXResourcesBuildPhase section */
		49D11D032AFA1A1200808030 /* Resources */ = {
			isa = PBXResourcesBuildPhase;
			buildActionMask = 2147483647;
			files = (
				49D11D152AFA1A1300808030 /* LaunchScreen.storyboard in Resources */,
				49D11D122AFA1A1300808030 /* Assets.xcassets in Resources */,
			);
			runOnlyForDeploymentPostprocessing = 0;
		};
/* End PBXResourcesBuildPhase section */

/* Begin PBXSourcesBuildPhase section */
		49D11D012AFA1A1200808030 /* Sources */ = {
			isa = PBXSourcesBuildPhase;
			buildActionMask = 2147483647;
			files = (
				49D11D0D2AFA1A1200808030 /* ThrottleVSDebounceVC.swift in Sources */,
				495E501C2AFB3F910035D35E /* MenuCell.swift in Sources */,
				495E50202AFB43870035D35E /* MenuModel.swift in Sources */,
				49D11D092AFA1A1200808030 /* AppDelegate.swift in Sources */,
				49D11D0B2AFA1A1200808030 /* SceneDelegate.swift in Sources */,
				495E50182AFB3EB70035D35E /* MenuViewController.swift in Sources */,
			);
			runOnlyForDeploymentPostprocessing = 0;
		};
/* End PBXSourcesBuildPhase section */

/* Begin PBXVariantGroup section */
		49D11D132AFA1A1300808030 /* LaunchScreen.storyboard */ = {
			isa = PBXVariantGroup;
			children = (
				49D11D142AFA1A1300808030 /* Base */,
			);
			name = LaunchScreen.storyboard;
			sourceTree = "<group>";
		};
/* End PBXVariantGroup section */

/* Begin XCBuildConfiguration section */
		49D11D172AFA1A1300808030 /* Debug */ = {
			isa = XCBuildConfiguration;
			buildSettings = {
				ALWAYS_SEARCH_USER_PATHS = NO;
				ASSETCATALOG_COMPILER_GENERATE_SWIFT_ASSET_SYMBOL_EXTENSIONS = YES;
				CLANG_ANALYZER_NONNULL = YES;
				CLANG_ANALYZER_NUMBER_OBJECT_CONVERSION = YES_AGGRESSIVE;
				CLANG_CXX_LANGUAGE_STANDARD = "gnu++20";
				CLANG_ENABLE_MODULES = YES;
				CLANG_ENABLE_OBJC_ARC = YES;
				CLANG_ENABLE_OBJC_WEAK = YES;
				CLANG_WARN_BLOCK_CAPTURE_AUTORELEASING = YES;
				CLANG_WARN_BOOL_CONVERSION = YES;
				CLANG_WARN_COMMA = YES;
				CLANG_WARN_CONSTANT_CONVERSION = YES;
				CLANG_WARN_DEPRECATED_OBJC_IMPLEMENTATIONS = YES;
				CLANG_WARN_DIRECT_OBJC_ISA_USAGE = YES_ERROR;
				CLANG_WARN_DOCUMENTATION_COMMENTS = YES;
				CLANG_WARN_EMPTY_BODY = YES;
				CLANG_WARN_ENUM_CONVERSION = YES;
				CLANG_WARN_INFINITE_RECURSION = YES;
				CLANG_WARN_INT_CONVERSION = YES;
				CLANG_WARN_NON_LITERAL_NULL_CONVERSION = YES;
				CLANG_WARN_OBJC_IMPLICIT_RETAIN_SELF = YES;
				CLANG_WARN_OBJC_LITERAL_CONVERSION = YES;
				CLANG_WARN_OBJC_ROOT_CLASS = YES_ERROR;
				CLANG_WARN_QUOTED_INCLUDE_IN_FRAMEWORK_HEADER = YES;
				CLANG_WARN_RANGE_LOOP_ANALYSIS = YES;
				CLANG_WARN_STRICT_PROTOTYPES = YES;
				CLANG_WARN_SUSPICIOUS_MOVE = YES;
				CLANG_WARN_UNGUARDED_AVAILABILITY = YES_AGGRESSIVE;
				CLANG_WARN_UNREACHABLE_CODE = YES;
				CLANG_WARN__DUPLICATE_METHOD_MATCH = YES;
				COPY_PHASE_STRIP = NO;
				DEBUG_INFORMATION_FORMAT = dwarf;
				ENABLE_STRICT_OBJC_MSGSEND = YES;
				ENABLE_TESTABILITY = YES;
				ENABLE_USER_SCRIPT_SANDBOXING = YES;
				GCC_C_LANGUAGE_STANDARD = gnu17;
				GCC_DYNAMIC_NO_PIC = NO;
				GCC_NO_COMMON_BLOCKS = YES;
				GCC_OPTIMIZATION_LEVEL = 0;
				GCC_PREPROCESSOR_DEFINITIONS = (
					"DEBUG=1",
					"$(inherited)",
				);
				GCC_WARN_64_TO_32_BIT_CONVERSION = YES;
				GCC_WARN_ABOUT_RETURN_TYPE = YES_ERROR;
				GCC_WARN_UNDECLARED_SELECTOR = YES;
				GCC_WARN_UNINITIALIZED_AUTOS = YES_AGGRESSIVE;
				GCC_WARN_UNUSED_FUNCTION = YES;
				GCC_WARN_UNUSED_VARIABLE = YES;
				IPHONEOS_DEPLOYMENT_TARGET = 17.0;
				LOCALIZATION_PREFERS_STRING_CATALOGS = YES;
				MTL_ENABLE_DEBUG_INFO = INCLUDE_SOURCE;
				MTL_FAST_MATH = YES;
				ONLY_ACTIVE_ARCH = YES;
				SDKROOT = iphoneos;
				SWIFT_ACTIVE_COMPILATION_CONDITIONS = "DEBUG $(inherited)";
				SWIFT_OPTIMIZATION_LEVEL = "-Onone";
			};
			name = Debug;
		};
		49D11D182AFA1A1300808030 /* Release */ = {
			isa = XCBuildConfiguration;
			buildSettings = {
				ALWAYS_SEARCH_USER_PATHS = NO;
				ASSETCATALOG_COMPILER_GENERATE_SWIFT_ASSET_SYMBOL_EXTENSIONS = YES;
				CLANG_ANALYZER_NONNULL = YES;
				CLANG_ANALYZER_NUMBER_OBJECT_CONVERSION = YES_AGGRESSIVE;
				CLANG_CXX_LANGUAGE_STANDARD = "gnu++20";
				CLANG_ENABLE_MODULES = YES;
				CLANG_ENABLE_OBJC_ARC = YES;
				CLANG_ENABLE_OBJC_WEAK = YES;
				CLANG_WARN_BLOCK_CAPTURE_AUTORELEASING = YES;
				CLANG_WARN_BOOL_CONVERSION = YES;
				CLANG_WARN_COMMA = YES;
				CLANG_WARN_CONSTANT_CONVERSION = YES;
				CLANG_WARN_DEPRECATED_OBJC_IMPLEMENTATIONS = YES;
				CLANG_WARN_DIRECT_OBJC_ISA_USAGE = YES_ERROR;
				CLANG_WARN_DOCUMENTATION_COMMENTS = YES;
				CLANG_WARN_EMPTY_BODY = YES;
				CLANG_WARN_ENUM_CONVERSION = YES;
				CLANG_WARN_INFINITE_RECURSION = YES;
				CLANG_WARN_INT_CONVERSION = YES;
				CLANG_WARN_NON_LITERAL_NULL_CONVERSION = YES;
				CLANG_WARN_OBJC_IMPLICIT_RETAIN_SELF = YES;
				CLANG_WARN_OBJC_LITERAL_CONVERSION = YES;
				CLANG_WARN_OBJC_ROOT_CLASS = YES_ERROR;
				CLANG_WARN_QUOTED_INCLUDE_IN_FRAMEWORK_HEADER = YES;
				CLANG_WARN_RANGE_LOOP_ANALYSIS = YES;
				CLANG_WARN_STRICT_PROTOTYPES = YES;
				CLANG_WARN_SUSPICIOUS_MOVE = YES;
				CLANG_WARN_UNGUARDED_AVAILABILITY = YES_AGGRESSIVE;
				CLANG_WARN_UNREACHABLE_CODE = YES;
				CLANG_WARN__DUPLICATE_METHOD_MATCH = YES;
				COPY_PHASE_STRIP = NO;
				DEBUG_INFORMATION_FORMAT = "dwarf-with-dsym";
				ENABLE_NS_ASSERTIONS = NO;
				ENABLE_STRICT_OBJC_MSGSEND = YES;
				ENABLE_USER_SCRIPT_SANDBOXING = YES;
				GCC_C_LANGUAGE_STANDARD = gnu17;
				GCC_NO_COMMON_BLOCKS = YES;
				GCC_WARN_64_TO_32_BIT_CONVERSION = YES;
				GCC_WARN_ABOUT_RETURN_TYPE = YES_ERROR;
				GCC_WARN_UNDECLARED_SELECTOR = YES;
				GCC_WARN_UNINITIALIZED_AUTOS = YES_AGGRESSIVE;
				GCC_WARN_UNUSED_FUNCTION = YES;
				GCC_WARN_UNUSED_VARIABLE = YES;
				IPHONEOS_DEPLOYMENT_TARGET = 17.0;
				LOCALIZATION_PREFERS_STRING_CATALOGS = YES;
				MTL_ENABLE_DEBUG_INFO = NO;
				MTL_FAST_MATH = YES;
				SDKROOT = iphoneos;
				SWIFT_COMPILATION_MODE = wholemodule;
				VALIDATE_PRODUCT = YES;
			};
			name = Release;
		};
		49D11D1A2AFA1A1300808030 /* Debug */ = {
			isa = XCBuildConfiguration;
			buildSettings = {
				ASSETCATALOG_COMPILER_APPICON_NAME = AppIcon;
				ASSETCATALOG_COMPILER_GLOBAL_ACCENT_COLOR_NAME = AccentColor;
				CODE_SIGN_STYLE = Automatic;
				CURRENT_PROJECT_VERSION = 1;
				DEVELOPMENT_TEAM = R6V3UCSNG3;
				GENERATE_INFOPLIST_FILE = YES;
				INFOPLIST_FILE = RxSwiftExample/Info.plist;
				INFOPLIST_KEY_UIApplicationSupportsIndirectInputEvents = YES;
				INFOPLIST_KEY_UILaunchStoryboardName = LaunchScreen;
				INFOPLIST_KEY_UIMainStoryboardFile = "";
				INFOPLIST_KEY_UISupportedInterfaceOrientations_iPad = "UIInterfaceOrientationPortrait UIInterfaceOrientationPortraitUpsideDown UIInterfaceOrientationLandscapeLeft UIInterfaceOrientationLandscapeRight";
				INFOPLIST_KEY_UISupportedInterfaceOrientations_iPhone = "UIInterfaceOrientationPortrait UIInterfaceOrientationLandscapeLeft UIInterfaceOrientationLandscapeRight";
				LD_RUNPATH_SEARCH_PATHS = (
					"$(inherited)",
					"@executable_path/Frameworks",
				);
				MARKETING_VERSION = 1.0;
				PRODUCT_BUNDLE_IDENTIFIER = com.ycompany.RxSwiftExample;
				PRODUCT_NAME = "$(TARGET_NAME)";
				SWIFT_EMIT_LOC_STRINGS = YES;
				SWIFT_VERSION = 5.0;
				TARGETED_DEVICE_FAMILY = "1,2";
			};
			name = Debug;
		};
		49D11D1B2AFA1A1300808030 /* Release */ = {
			isa = XCBuildConfiguration;
			buildSettings = {
				ASSETCATALOG_COMPILER_APPICON_NAME = AppIcon;
				ASSETCATALOG_COMPILER_GLOBAL_ACCENT_COLOR_NAME = AccentColor;
				CODE_SIGN_STYLE = Automatic;
				CURRENT_PROJECT_VERSION = 1;
				DEVELOPMENT_TEAM = R6V3UCSNG3;
				GENERATE_INFOPLIST_FILE = YES;
				INFOPLIST_FILE = RxSwiftExample/Info.plist;
				INFOPLIST_KEY_UIApplicationSupportsIndirectInputEvents = YES;
				INFOPLIST_KEY_UILaunchStoryboardName = LaunchScreen;
				INFOPLIST_KEY_UIMainStoryboardFile = "";
				INFOPLIST_KEY_UISupportedInterfaceOrientations_iPad = "UIInterfaceOrientationPortrait UIInterfaceOrientationPortraitUpsideDown UIInterfaceOrientationLandscapeLeft UIInterfaceOrientationLandscapeRight";
				INFOPLIST_KEY_UISupportedInterfaceOrientations_iPhone = "UIInterfaceOrientationPortrait UIInterfaceOrientationLandscapeLeft UIInterfaceOrientationLandscapeRight";
				LD_RUNPATH_SEARCH_PATHS = (
					"$(inherited)",
					"@executable_path/Frameworks",
				);
				MARKETING_VERSION = 1.0;
				PRODUCT_BUNDLE_IDENTIFIER = com.ycompany.RxSwiftExample;
				PRODUCT_NAME = "$(TARGET_NAME)";
				SWIFT_EMIT_LOC_STRINGS = YES;
				SWIFT_VERSION = 5.0;
				TARGETED_DEVICE_FAMILY = "1,2";
			};
			name = Release;
		};
/* End XCBuildConfiguration section */

/* Begin XCConfigurationList section */
		49D11D002AFA1A1200808030 /* Build configuration list for PBXProject "RxSwiftExample" */ = {
			isa = XCConfigurationList;
			buildConfigurations = (
				49D11D172AFA1A1300808030 /* Debug */,
				49D11D182AFA1A1300808030 /* Release */,
			);
			defaultConfigurationIsVisible = 0;
			defaultConfigurationName = Release;
		};
		49D11D192AFA1A1300808030 /* Build configuration list for PBXNativeTarget "RxSwiftExample" */ = {
			isa = XCConfigurationList;
			buildConfigurations = (
				49D11D1A2AFA1A1300808030 /* Debug */,
				49D11D1B2AFA1A1300808030 /* Release */,
			);
			defaultConfigurationIsVisible = 0;
			defaultConfigurationName = Release;
		};
/* End XCConfigurationList section */

/* Begin XCRemoteSwiftPackageReference section */
		49D11D1D2AFA1A7700808030 /* XCRemoteSwiftPackageReference "SnapKit" */ = {
			isa = XCRemoteSwiftPackageReference;
			repositoryURL = "https://github.com/SnapKit/SnapKit.git";
			requirement = {
				kind = upToNextMajorVersion;
				minimumVersion = 5.6.0;
			};
		};
		49D11D222AFA1A8700808030 /* XCRemoteSwiftPackageReference "RxSwift" */ = {
			isa = XCRemoteSwiftPackageReference;
			repositoryURL = "https://github.com/ReactiveX/RxSwift.git";
			requirement = {
				kind = upToNextMajorVersion;
				minimumVersion = 6.6.0;
			};
		};
/* End XCRemoteSwiftPackageReference section */

/* Begin XCSwiftPackageProductDependency section */
		49D11D1E2AFA1A7700808030 /* SnapKit */ = {
			isa = XCSwiftPackageProductDependency;
			package = 49D11D1D2AFA1A7700808030 /* XCRemoteSwiftPackageReference "SnapKit" */;
			productName = SnapKit;
		};
		49D11D202AFA1A7700808030 /* SnapKit-Dynamic */ = {
			isa = XCSwiftPackageProductDependency;
			package = 49D11D1D2AFA1A7700808030 /* XCRemoteSwiftPackageReference "SnapKit" */;
			productName = "SnapKit-Dynamic";
		};
		49D11D232AFA1A8700808030 /* RxBlocking */ = {
			isa = XCSwiftPackageProductDependency;
			package = 49D11D222AFA1A8700808030 /* XCRemoteSwiftPackageReference "RxSwift" */;
			productName = RxBlocking;
		};
		49D11D252AFA1A8700808030 /* RxBlocking-Dynamic */ = {
			isa = XCSwiftPackageProductDependency;
			package = 49D11D222AFA1A8700808030 /* XCRemoteSwiftPackageReference "RxSwift" */;
			productName = "RxBlocking-Dynamic";
		};
		49D11D272AFA1A8700808030 /* RxCocoa */ = {
			isa = XCSwiftPackageProductDependency;
			package = 49D11D222AFA1A8700808030 /* XCRemoteSwiftPackageReference "RxSwift" */;
			productName = RxCocoa;
		};
		49D11D292AFA1A8700808030 /* RxCocoa-Dynamic */ = {
			isa = XCSwiftPackageProductDependency;
			package = 49D11D222AFA1A8700808030 /* XCRemoteSwiftPackageReference "RxSwift" */;
			productName = "RxCocoa-Dynamic";
		};
		49D11D2B2AFA1A8700808030 /* RxRelay */ = {
			isa = XCSwiftPackageProductDependency;
			package = 49D11D222AFA1A8700808030 /* XCRemoteSwiftPackageReference "RxSwift" */;
			productName = RxRelay;
		};
/* End XCSwiftPackageProductDependency section */
	};
	rootObject = 49D11CFD2AFA1A1200808030 /* Project object */;
}
